{
  "version": 4,
  "terraform_version": "1.0.2",
  "serial": 10,
  "lineage": "fa88fc98-32b3-6193-9d75-a83faf0f0da9",
  "outputs": {},
  "resources": [
    {
      "mode": "managed",
      "type": "vault_mount",
      "name": "vm-client-signer",
      "provider": "provider[\"registry.terraform.io/hashicorp/vault\"]",
      "instances": [
        {
          "schema_version": 0,
          "attributes": {
            "accessor": "ssh_41ca87d4",
            "default_lease_ttl_seconds": 0,
            "description": "",
            "external_entropy_access": false,
            "id": "vm-client-signer",
            "local": false,
            "max_lease_ttl_seconds": 0,
            "options": {},
            "path": "vm-client-signer",
            "seal_wrap": false,
            "type": "ssh"
          },
          "sensitive_attributes": [],
          "private": "bnVsbA=="
        }
      ]
    },
    {
      "mode": "managed",
      "type": "vault_ssh_secret_backend_ca",
      "name": "ca",
      "provider": "provider[\"registry.terraform.io/hashicorp/vault\"]",
      "instances": [
        {
          "schema_version": 0,
          "attributes": {
            "backend": "vm-client-signer",
            "generate_signing_key": true,
            "id": "vm-client-signer",
            "private_key": null,
            "public_key": "ssh-rsa AAAAB3NzaC1yc2EAAAADAQABAAACAQCkG+gQgAdnTUYo8SmTvLnOxe412+mhKSrK1wgWJSroPqTuyebZReVdXDZz5AIGkryclTp2fL5De+Fpr+MoiKhkJyLhX+KMvy6S49TOGWQrafcAtCzL3v4gV47IsKTivTxwDUeAjDtPJNP1roWC8WmrGuz/sqh466Zd8tGJLt10X4RoD931dqEBnRKzERhR0w1NdWq7JfTJK+OvSkCmxcuP/5uILtfKA9TDclU2GNS7/HY/u27wfgJfZ5DaE/ii4aEca1lLZh+6ldeV+2JMCArQu+HSfrTzEYLvTxzpMnPihTILfu7OJEJ4EYvDylpIlPyrXS7TedBxNx8P0ERBvtyQin3KYGaDIytdXSj71RNi7bq38vZZB8fAWSsLLolxwdqthpw84OD33RlmmGf9S3qPd2CXypyxClaGe1qc39XH/LnApidqddeh868feM4Ji4Afh+SuaisR8OurPYY7v2xdsbdHNanTFhW9oITUMjS8dkNDA5JOSJJ+Tlu2K1ljYT8h2D03/u+ASzuWN9xhk/8B+yXKZN7kfi3LYruPQuJ6jJkXQaGT5rRdm3Z0IMDr3N3k+9DC6/qCvspXLBpym8BIno5nqUIDcfl1+dOE5oS/n9U4+OZsq9Tf0H34XIIg8ETmOYu4rgZj3Hkn3PlDRuvaYmte4bJAeTFxJf9RG1lsYw==\n"
          },
          "sensitive_attributes": [],
          "private": "bnVsbA==",
          "dependencies": [
            "vault_mount.vm-client-signer"
          ]
        }
      ]
    },
    {
      "mode": "managed",
      "type": "vault_ssh_secret_backend_role",
      "name": "mac",
      "provider": "provider[\"registry.terraform.io/hashicorp/vault\"]",
      "instances": [
        {
          "schema_version": 0,
          "attributes": {
            "algorithm_signer": "",
            "allow_bare_domains": false,
            "allow_host_certificates": false,
            "allow_subdomains": false,
            "allow_user_certificates": true,
            "allow_user_key_ids": false,
            "allowed_critical_options": "",
            "allowed_domains": "",
            "allowed_extensions": "",
            "allowed_user_key_lengths": null,
            "allowed_users": "",
            "allowed_users_template": false,
            "backend": "vm-client-signer",
            "cidr_list": "",
            "default_critical_options": null,
            "default_extensions": null,
            "default_user": "",
            "id": "vm-client-signer/roles/mac",
            "key_id_format": "",
            "key_type": "ca",
            "max_ttl": "0",
            "name": "mac",
            "ttl": "0"
          },
          "sensitive_attributes": [],
          "private": "bnVsbA==",
          "dependencies": [
            "vault_mount.vm-client-signer"
          ]
        }
      ]
    }
  ]
}
